{
  "name": "aisg-temus",
  "lockfileVersion": 3,
  "requires": true,
  "packages": {
    "": {
      "dependencies": {
        "@epicgames-ps/lib-pixelstreamingfrontend-ue5.3": "^1.0.8"
      }
    },
    "node_modules/@epicgames-ps/lib-pixelstreamingfrontend-ue5.3": {
      "version": "1.0.8",
      "resolved": "https://registry.npmjs.org/@epicgames-ps/lib-pixelstreamingfrontend-ue5.3/-/lib-pixelstreamingfrontend-ue5.3-1.0.8.tgz",
      "integrity": "sha512-1dIvu/So6bUKSFi2xh1cUbcPdCAEKccJUSeWs3vmlSf3xwsi6O4dTKr44Gxxq5szg5F4lxQxVPrO5rrtWeDy4Q==",
      "license": "MIT",
      "dependencies": {
        "sdp": "^3.1.0"
      }
    },
    "node_modules/sdp": {
      "version": "3.2.0",
      "resolved": "https://registry.npmjs.org/sdp/-/sdp-3.2.0.tgz",
      "integrity": "sha512-d7wDPgDV3DDiqulJjKiV2865wKsJ34YI+NDREbm+FySq6WuKOikwyNQcm+doLAZ1O6ltdO0SeKle2xMpN3Brgw==",
      "license": "MIT"
    }
  }
}
